// !$*UTF8*$!
{
	archiveVersion = 1;
	classes = {
	};
	objectVersion = 50;
	objects = {

/* Begin PBXBuildFile section */
		7BCC1898225A02AA00BF998D /* Localizable.strings in Resources */ = {isa = PBXBuildFile; fileRef = 7BCC189A225A02AA00BF998D /* Localizable.strings */; };
		7BEF62EE2256037C001EDB3B /* AppDelegate.swift in Sources */ = {isa = PBXBuildFile; fileRef = 7BEF62ED2256037C001EDB3B /* AppDelegate.swift */; };
		7BEF62F32256037C001EDB3B /* Main.storyboard in Resources */ = {isa = PBXBuildFile; fileRef = 7BEF62F12256037C001EDB3B /* Main.storyboard */; };
		7BEF62F52256037D001EDB3B /* Assets.xcassets in Resources */ = {isa = PBXBuildFile; fileRef = 7BEF62F42256037D001EDB3B /* Assets.xcassets */; };
		7BEF62F82256037D001EDB3B /* LaunchScreen.storyboard in Resources */ = {isa = PBXBuildFile; fileRef = 7BEF62F62256037D001EDB3B /* LaunchScreen.storyboard */; };
		7BEF630022560395001EDB3B /* Localizable.swift in Sources */ = {isa = PBXBuildFile; fileRef = 7BEF62FF22560395001EDB3B /* Localizable.swift */; };
		7BEF630C225605D6001EDB3B /* Localization.swift in Sources */ = {isa = PBXBuildFile; fileRef = 7BEF630B225605D6001EDB3B /* Localization.swift */; };
		7BEF63122256090F001EDB3B /* ProfileTableViewController.swift in Sources */ = {isa = PBXBuildFile; fileRef = 7BEF63112256090F001EDB3B /* ProfileTableViewController.swift */; };
		7BEF631422560918001EDB3B /* SettingsTableViewController.swift in Sources */ = {isa = PBXBuildFile; fileRef = 7BEF631322560918001EDB3B /* SettingsTableViewController.swift */; };
/* End PBXBuildFile section */

/* Begin PBXFileReference section */
		7BCC1899225A02AA00BF998D /* en */ = {isa = PBXFileReference; lastKnownFileType = text.plist.strings; name = en; path = en.lproj/Localizable.strings; sourceTree = "<group>"; };
		7BCC189B225A02D600BF998D /* fr */ = {isa = PBXFileReference; lastKnownFileType = text.plist.strings; name = fr; path = fr.lproj/Localizable.strings; sourceTree = "<group>"; };
		7BEF62EA2256037C001EDB3B /* LocalizedStringTest.app */ = {isa = PBXFileReference; explicitFileType = wrapper.application; includeInIndex = 0; path = LocalizedStringTest.app; sourceTree = BUILT_PRODUCTS_DIR; };
		7BEF62ED2256037C001EDB3B /* AppDelegate.swift */ = {isa = PBXFileReference; lastKnownFileType = sourcecode.swift; path = AppDelegate.swift; sourceTree = "<group>"; };
		7BEF62F22256037C001EDB3B /* Base */ = {isa = PBXFileReference; lastKnownFileType = file.storyboard; name = Base; path = Base.lproj/Main.storyboard; sourceTree = "<group>"; };
		7BEF62F42256037D001EDB3B /* Assets.xcassets */ = {isa = PBXFileReference; lastKnownFileType = folder.assetcatalog; path = Assets.xcassets; sourceTree = "<group>"; };
		7BEF62F72256037D001EDB3B /* Base */ = {isa = PBXFileReference; lastKnownFileType = file.storyboard; name = Base; path = Base.lproj/LaunchScreen.storyboard; sourceTree = "<group>"; };
		7BEF62F92256037D001EDB3B /* Info.plist */ = {isa = PBXFileReference; lastKnownFileType = text.plist.xml; path = Info.plist; sourceTree = "<group>"; };
		7BEF62FF22560395001EDB3B /* Localizable.swift */ = {isa = PBXFileReference; lastKnownFileType = sourcecode.swift; path = Localizable.swift; sourceTree = "<group>"; };
		7BEF630B225605D6001EDB3B /* Localization.swift */ = {isa = PBXFileReference; lastKnownFileType = sourcecode.swift; path = Localization.swift; sourceTree = "<group>"; };
		7BEF63112256090F001EDB3B /* ProfileTableViewController.swift */ = {isa = PBXFileReference; lastKnownFileType = sourcecode.swift; path = ProfileTableViewController.swift; sourceTree = "<group>"; };
		7BEF631322560918001EDB3B /* SettingsTableViewController.swift */ = {isa = PBXFileReference; lastKnownFileType = sourcecode.swift; path = SettingsTableViewController.swift; sourceTree = "<group>"; };
/* End PBXFileReference section */

/* Begin PBXFrameworksBuildPhase section */
		7BEF62E72256037C001EDB3B /* Frameworks */ = {
			isa = PBXFrameworksBuildPhase;
			buildActionMask = 2147483647;
			files = (
			);
			runOnlyForDeploymentPostprocessing = 0;
		};
/* End PBXFrameworksBuildPhase section */

/* Begin PBXGroup section */
		7BEF62E12256037C001EDB3B = {
			isa = PBXGroup;
			children = (
				7BEF62EC2256037C001EDB3B /* LocalizedStringTest */,
				7BEF62EB2256037C001EDB3B /* Products */,
			);
			sourceTree = "<group>";
		};
		7BEF62EB2256037C001EDB3B /* Products */ = {
			isa = PBXGroup;
			children = (
				7BEF62EA2256037C001EDB3B /* LocalizedStringTest.app */,
			);
			name = Products;
			sourceTree = "<group>";
		};
		7BEF62EC2256037C001EDB3B /* LocalizedStringTest */ = {
			isa = PBXGroup;
			children = (
				7BEF630622560544001EDB3B /* Application Management */,
				7BEF63052256052D001EDB3B /* Common */,
				7BEF630822560569001EDB3B /* Modules */,
				7BEF6301225604BD001EDB3B /* Resource */,
				7BEF62F42256037D001EDB3B /* Assets.xcassets */,
				7BEF62F62256037D001EDB3B /* LaunchScreen.storyboard */,
				7BEF62F92256037D001EDB3B /* Info.plist */,
			);
			path = LocalizedStringTest;
			sourceTree = "<group>";
		};
		7BEF6301225604BD001EDB3B /* Resource */ = {
			isa = PBXGroup;
			children = (
				7BEF6302225604C5001EDB3B /* Localizable */,
			);
			path = Resource;
			sourceTree = "<group>";
		};
		7BEF6302225604C5001EDB3B /* Localizable */ = {
			isa = PBXGroup;
			children = (
				7BCC189A225A02AA00BF998D /* Localizable.strings */,
			);
			path = Localizable;
			sourceTree = "<group>";
		};
		7BEF63052256052D001EDB3B /* Common */ = {
			isa = PBXGroup;
			children = (
				7BEF63092256059D001EDB3B /* Defines */,
				7BEF630722560557001EDB3B /* Protocol */,
			);
			path = Common;
			sourceTree = "<group>";
		};
		7BEF630622560544001EDB3B /* Application Management */ = {
			isa = PBXGroup;
			children = (
				7BEF62ED2256037C001EDB3B /* AppDelegate.swift */,
			);
			path = "Application Management";
			sourceTree = "<group>";
		};
		7BEF630722560557001EDB3B /* Protocol */ = {
			isa = PBXGroup;
			children = (
				7BEF62FF22560395001EDB3B /* Localizable.swift */,
			);
			path = Protocol;
			sourceTree = "<group>";
		};
		7BEF630822560569001EDB3B /* Modules */ = {
			isa = PBXGroup;
			children = (
				7BEF62F12256037C001EDB3B /* Main.storyboard */,
				7BEF63112256090F001EDB3B /* ProfileTableViewController.swift */,
				7BEF631322560918001EDB3B /* SettingsTableViewController.swift */,
			);
			path = Modules;
			sourceTree = "<group>";
		};
		7BEF63092256059D001EDB3B /* Defines */ = {
			isa = PBXGroup;
			children = (
				7BEF630A225605A7001EDB3B /* Localization */,
			);
			path = Defines;
			sourceTree = "<group>";
		};
		7BEF630A225605A7001EDB3B /* Localization */ = {
			isa = PBXGroup;
			children = (
				7BEF630B225605D6001EDB3B /* Localization.swift */,
			);
			path = Localization;
			sourceTree = "<group>";
		};
/* End PBXGroup section */

/* Begin PBXNativeTarget section */
		7BEF62E92256037C001EDB3B /* LocalizedStringTest */ = {
			isa = PBXNativeTarget;
			buildConfigurationList = 7BEF62FC2256037D001EDB3B /* Build configuration list for PBXNativeTarget "LocalizedStringTest" */;
			buildPhases = (
				7BEF62E62256037C001EDB3B /* Sources */,
				7BEF62E72256037C001EDB3B /* Frameworks */,
				7BEF62E82256037C001EDB3B /* Resources */,
			);
			buildRules = (
			);
			dependencies = (
			);
			name = LocalizedStringTest;
			productName = LocalizedStringTest;
			productReference = 7BEF62EA2256037C001EDB3B /* LocalizedStringTest.app */;
			productType = "com.apple.product-type.application";
		};
/* End PBXNativeTarget section */

/* Begin PBXProject section */
		7BEF62E22256037C001EDB3B /* Project object */ = {
			isa = PBXProject;
			attributes = {
				LastSwiftUpdateCheck = 1010;
				LastUpgradeCheck = 1010;
				ORGANIZATIONNAME = "Gini-Apps";
				TargetAttributes = {
					7BEF62E92256037C001EDB3B = {
						CreatedOnToolsVersion = 10.1;
					};
				};
			};
			buildConfigurationList = 7BEF62E52256037C001EDB3B /* Build configuration list for PBXProject "LocalizedStringTest" */;
			compatibilityVersion = "Xcode 9.3";
			developmentRegion = en;
			hasScannedForEncodings = 0;
			knownRegions = (
				en,
				Base,
				fr,
			);
			mainGroup = 7BEF62E12256037C001EDB3B;
			productRefGroup = 7BEF62EB2256037C001EDB3B /* Products */;
			projectDirPath = "";
			projectRoot = "";
			targets = (
				7BEF62E92256037C001EDB3B /* LocalizedStringTest */,
			);
		};
/* End PBXProject section */

/* Begin PBXResourcesBuildPhase section */
		7BEF62E82256037C001EDB3B /* Resources */ = {
			isa = PBXResourcesBuildPhase;
			buildActionMask = 2147483647;
			files = (
				7BEF62F82256037D001EDB3B /* LaunchScreen.storyboard in Resources */,
				7BCC1898225A02AA00BF998D /* Localizable.strings in Resources */,
				7BEF62F52256037D001EDB3B /* Assets.xcassets in Resources */,
				7BEF62F32256037C001EDB3B /* Main.storyboard in Resources */,
			);
			runOnlyForDeploymentPostprocessing = 0;
		};
/* End PBXResourcesBuildPhase section */

/* Begin PBXSourcesBuildPhase section */
		7BEF62E62256037C001EDB3B /* Sources */ = {
			isa = PBXSourcesBuildPhase;
			buildActionMask = 2147483647;
			files = (
				7BEF630022560395001EDB3B /* Localizable.swift in Sources */,
				7BEF631422560918001EDB3B /* SettingsTableViewController.swift in Sources */,
				7BEF630C225605D6001EDB3B /* Localization.swift in Sources */,
				7BEF63122256090F001EDB3B /* ProfileTableViewController.swift in Sources */,
				7BEF62EE2256037C001EDB3B /* AppDelegate.swift in Sources */,
			);
			runOnlyForDeploymentPostprocessing = 0;
		};
/* End PBXSourcesBuildPhase section */

/* Begin PBXVariantGroup section */
		7BCC189A225A02AA00BF998D /* Localizable.strings */ = {
			isa = PBXVariantGroup;
			children = (
				7BCC1899225A02AA00BF998D /* en */,
				7BCC189B225A02D600BF998D /* fr */,
			);
			name = Localizable.strings;
			sourceTree = "<group>";
		};
		7BEF62F12256037C001EDB3B /* Main.storyboard */ = {
			isa = PBXVariantGroup;
			children = (
				7BEF62F22256037C001EDB3B /* Base */,
			);
			name = Main.storyboard;
			sourceTree = "<group>";
		};
		7BEF62F62256037D001EDB3B /* LaunchScreen.storyboard */ = {
			isa = PBXVariantGroup;
			children = (
				7BEF62F72256037D001EDB3B /* Base */,
			);
			name = LaunchScreen.storyboard;
			sourceTree = "<group>";
		};
/* End PBXVariantGroup section */

/* Begin XCBuildConfiguration section */
		7BEF62FA2256037D001EDB3B /* Debug */ = {
			isa = XCBuildConfiguration;
			buildSettings = {
				ALWAYS_SEARCH_USER_PATHS = NO;
				CLANG_ANALYZER_LOCALIZABILITY_NONLOCALIZED = YES;
				CLANG_ANALYZER_NONNULL = YES;
				CLANG_ANALYZER_NUMBER_OBJECT_CONVERSION = YES_AGGRESSIVE;
				CLANG_CXX_LANGUAGE_STANDARD = "gnu++14";
				CLANG_CXX_LIBRARY = "libc++";
				CLANG_ENABLE_MODULES = YES;
				CLANG_ENABLE_OBJC_ARC = YES;
				CLANG_ENABLE_OBJC_WEAK = YES;
				CLANG_WARN_BLOCK_CAPTURE_AUTORELEASING = YES;
				CLANG_WARN_BOOL_CONVERSION = YES;
				CLANG_WARN_COMMA = YES;
				CLANG_WARN_CONSTANT_CONVERSION = YES;
				CLANG_WARN_DEPRECATED_OBJC_IMPLEMENTATIONS = YES;
				CLANG_WARN_DIRECT_OBJC_ISA_USAGE = YES_ERROR;
				CLANG_WARN_DOCUMENTATION_COMMENTS = YES;
				CLANG_WARN_EMPTY_BODY = YES;
				CLANG_WARN_ENUM_CONVERSION = YES;
				CLANG_WARN_INFINITE_RECURSION = YES;
				CLANG_WARN_INT_CONVERSION = YES;
				CLANG_WARN_NON_LITERAL_NULL_CONVERSION = YES;
				CLANG_WARN_OBJC_IMPLICIT_RETAIN_SELF = YES;
				CLANG_WARN_OBJC_LITERAL_CONVERSION = YES;
				CLANG_WARN_OBJC_ROOT_CLASS = YES_ERROR;
				CLANG_WARN_RANGE_LOOP_ANALYSIS = YES;
				CLANG_WARN_STRICT_PROTOTYPES = YES;
				CLANG_WARN_SUSPICIOUS_MOVE = YES;
				CLANG_WARN_UNGUARDED_AVAILABILITY = YES_AGGRESSIVE;
				CLANG_WARN_UNREACHABLE_CODE = YES;
				CLANG_WARN__DUPLICATE_METHOD_MATCH = YES;
				CODE_SIGN_IDENTITY = "iPhone Developer";
				COPY_PHASE_STRIP = NO;
				DEBUG_INFORMATION_FORMAT = dwarf;
				ENABLE_STRICT_OBJC_MSGSEND = YES;
				ENABLE_TESTABILITY = YES;
				GCC_C_LANGUAGE_STANDARD = gnu11;
				GCC_DYNAMIC_NO_PIC = NO;
				GCC_NO_COMMON_BLOCKS = YES;
				GCC_OPTIMIZATION_LEVEL = 0;
				GCC_PREPROCESSOR_DEFINITIONS = (
					"DEBUG=1",
					"$(inherited)",
				);
				GCC_WARN_64_TO_32_BIT_CONVERSION = YES;
				GCC_WARN_ABOUT_RETURN_TYPE = YES_ERROR;
				GCC_WARN_UNDECLARED_SELECTOR = YES;
				GCC_WARN_UNINITIALIZED_AUTOS = YES_AGGRESSIVE;
				GCC_WARN_UNUSED_FUNCTION = YES;
				GCC_WARN_UNUSED_VARIABLE = YES;
				IPHONEOS_DEPLOYMENT_TARGET = 12.1;
				MTL_ENABLE_DEBUG_INFO = INCLUDE_SOURCE;
				MTL_FAST_MATH = YES;
				ONLY_ACTIVE_ARCH = YES;
				SDKROOT = iphoneos;
				SWIFT_ACTIVE_COMPILATION_CONDITIONS = DEBUG;
				SWIFT_OPTIMIZATION_LEVEL = "-Onone";
			};
			name = Debug;
		};
		7BEF62FB2256037D001EDB3B /* Release */ = {
			isa = XCBuildConfiguration;
			buildSettings = {
				ALWAYS_SEARCH_USER_PATHS = NO;
				CLANG_ANALYZER_LOCALIZABILITY_NONLOCALIZED = YES;
				CLANG_ANALYZER_NONNULL = YES;
				CLANG_ANALYZER_NUMBER_OBJECT_CONVERSION = YES_AGGRESSIVE;
				CLANG_CXX_LANGUAGE_STANDARD = "gnu++14";
				CLANG_CXX_LIBRARY = "libc++";
				CLANG_ENABLE_MODULES = YES;
				CLANG_ENABLE_OBJC_ARC = YES;
				CLANG_ENABLE_OBJC_WEAK = YES;
				CLANG_WARN_BLOCK_CAPTURE_AUTORELEASING = YES;
				CLANG_WARN_BOOL_CONVERSION = YES;
				CLANG_WARN_COMMA = YES;
				CLANG_WARN_CONSTANT_CONVERSION = YES;
				CLANG_WARN_DEPRECATED_OBJC_IMPLEMENTATIONS = YES;
				CLANG_WARN_DIRECT_OBJC_ISA_USAGE = YES_ERROR;
				CLANG_WARN_DOCUMENTATION_COMMENTS = YES;
				CLANG_WARN_EMPTY_BODY = YES;
				CLANG_WARN_ENUM_CONVERSION = YES;
				CLANG_WARN_INFINITE_RECURSION = YES;
				CLANG_WARN_INT_CONVERSION = YES;
				CLANG_WARN_NON_LITERAL_NULL_CONVERSION = YES;
				CLANG_WARN_OBJC_IMPLICIT_RETAIN_SELF = YES;
				CLANG_WARN_OBJC_LITERAL_CONVERSION = YES;
				CLANG_WARN_OBJC_ROOT_CLASS = YES_ERROR;
				CLANG_WARN_RANGE_LOOP_ANALYSIS = YES;
				CLANG_WARN_STRICT_PROTOTYPES = YES;
				CLANG_WARN_SUSPICIOUS_MOVE = YES;
				CLANG_WARN_UNGUARDED_AVAILABILITY = YES_AGGRESSIVE;
				CLANG_WARN_UNREACHABLE_CODE = YES;
				CLANG_WARN__DUPLICATE_METHOD_MATCH = YES;
				CODE_SIGN_IDENTITY = "iPhone Developer";
				COPY_PHASE_STRIP = NO;
				DEBUG_INFORMATION_FORMAT = "dwarf-with-dsym";
				ENABLE_NS_ASSERTIONS = NO;
				ENABLE_STRICT_OBJC_MSGSEND = YES;
				GCC_C_LANGUAGE_STANDARD = gnu11;
				GCC_NO_COMMON_BLOCKS = YES;
				GCC_WARN_64_TO_32_BIT_CONVERSION = YES;
				GCC_WARN_ABOUT_RETURN_TYPE = YES_ERROR;
				GCC_WARN_UNDECLARED_SELECTOR = YES;
				GCC_WARN_UNINITIALIZED_AUTOS = YES_AGGRESSIVE;
				GCC_WARN_UNUSED_FUNCTION = YES;
				GCC_WARN_UNUSED_VARIABLE = YES;
				IPHONEOS_DEPLOYMENT_TARGET = 12.1;
				MTL_ENABLE_DEBUG_INFO = NO;
				MTL_FAST_MATH = YES;
				SDKROOT = iphoneos;
				SWIFT_COMPILATION_MODE = wholemodule;
				SWIFT_OPTIMIZATION_LEVEL = "-O";
				VALIDATE_PRODUCT = YES;
			};
			name = Release;
		};
		7BEF62FD2256037D001EDB3B /* Debug */ = {
			isa = XCBuildConfiguration;
			buildSettings = {
				ASSETCATALOG_COMPILER_APPICON_NAME = AppIcon;
				CODE_SIGN_STYLE = Automatic;
				DEVELOPMENT_TEAM = "";
				INFOPLIST_FILE = LocalizedStringTest/Info.plist;
				LD_RUNPATH_SEARCH_PATHS = (
					"$(inherited)",
					"@executable_path/Frameworks",
				);
				PRODUCT_BUNDLE_IDENTIFIER = "com.gini-apps.LocalizedStringTest";
				PRODUCT_NAME = "$(TARGET_NAME)";
				SWIFT_VERSION = 4.2;
				TARGETED_DEVICE_FAMILY = "1,2";
			};
			name = Debug;
		};
		7BEF62FE2256037D001EDB3B /* Release */ = {
			isa = XCBuildConfiguration;
			buildSettings = {
				ASSETCATALOG_COMPILER_APPICON_NAME = AppIcon;
				CODE_SIGN_STYLE = Automatic;
				DEVELOPMENT_TEAM = "";
				INFOPLIST_FILE = LocalizedStringTest/Info.plist;
				LD_RUNPATH_SEARCH_PATHS = (
					"$(inherited)",
					"@executable_path/Frameworks",
				);
				PRODUCT_BUNDLE_IDENTIFIER = "com.gini-apps.LocalizedStringTest";
				PRODUCT_NAME = "$(TARGET_NAME)";
				SWIFT_VERSION = 4.2;
				TARGETED_DEVICE_FAMILY = "1,2";
			};
			name = Release;
		};
/* End XCBuildConfiguration section */

/* Begin XCConfigurationList section */
		7BEF62E52256037C001EDB3B /* Build configuration list for PBXProject "LocalizedStringTest" */ = {
			isa = XCConfigurationList;
			buildConfigurations = (
				7BEF62FA2256037D001EDB3B /* Debug */,
				7BEF62FB2256037D001EDB3B /* Release */,
			);
			defaultConfigurationIsVisible = 0;
			defaultConfigurationName = Release;
		};
		7BEF62FC2256037D001EDB3B /* Build configuration list for PBXNativeTarget "LocalizedStringTest" */ = {
			isa = XCConfigurationList;
			buildConfigurations = (
				7BEF62FD2256037D001EDB3B /* Debug */,
				7BEF62FE2256037D001EDB3B /* Release */,
			);
			defaultConfigurationIsVisible = 0;
			defaultConfigurationName = Release;
		};
/* End XCConfigurationList section */
	};
	rootObject = 7BEF62E22256037C001EDB3B /* Project object */;
}
